
Microsoft Visual Studio Solution File, Format Version 12.00
# Visual Studio Version 17
VisualStudioVersion = 17.7.34202.233
MinimumVisualStudioVersion = 10.0.40219.1
Project("{9A19103F-16F7-4668-BE54-9A1E7A4F7556}") = "TelemetryExporter.UI", "TelemetryExporter.UI\TelemetryExporter.UI.csproj", "{5DAEC494-C645-4C3D-AA3D-841B0D982822}"
EndProject
Project("{9A19103F-16F7-4668-BE54-9A1E7A4F7556}") = "TelemetryExporter.Core", "TelemetryExporter.Core\TelemetryExporter.Core.csproj", "{0966045D-7C23-4C95-93A1-828996E096AE}"
EndProject
Global
	GlobalSection(SolutionConfigurationPlatforms) = preSolution
		Debug|Any CPU = Debug|Any CPU
		Release|Any CPU = Release|Any CPU
	EndGlobalSection
	GlobalSection(ProjectConfigurationPlatforms) = postSolution
		{5DAEC494-C645-4C3D-AA3D-841B0D982822}.Debug|Any CPU.ActiveCfg = Debug|Any CPU
		{5DAEC494-C645-4C3D-AA3D-841B0D982822}.Debug|Any CPU.Build.0 = Debug|Any CPU
		{5DAEC494-C645-4C3D-AA3D-841B0D982822}.Debug|Any CPU.Deploy.0 = Debug|Any CPU
		{5DAEC494-C645-4C3D-AA3D-841B0D982822}.Release|Any CPU.ActiveCfg = Release|Any CPU
		{5DAEC494-C645-4C3D-AA3D-841B0D982822}.Release|Any CPU.Build.0 = Release|Any CPU
		{5DAEC494-C645-4C3D-AA3D-841B0D982822}.Release|Any CPU.Deploy.0 = Release|Any CPU
		{0966045D-7C23-4C95-93A1-828996E096AE}.Debug|Any CPU.ActiveCfg = Debug|Any CPU
		{0966045D-7C23-4C95-93A1-828996E096AE}.Debug|Any CPU.Build.0 = Debug|Any CPU
		{0966045D-7C23-4C95-93A1-828996E096AE}.Release|Any CPU.ActiveCfg = Release|Any CPU
		{0966045D-7C23-4C95-93A1-828996E096AE}.Release|Any CPU.Build.0 = Release|Any CPU
	EndGlobalSection
	GlobalSection(SolutionProperties) = preSolution
		HideSolutionNode = FALSE
	EndGlobalSection
	GlobalSection(ExtensibilityGlobals) = postSolution
		SolutionGuid = {82E11F96-0183-42C4-89ED-97A5D5B0B423}
	EndGlobalSection
EndGlobal
